// !$*UTF8*$!
{
	archiveVersion = 1;
	classes = {
	};
	objectVersion = 48;
	objects = {

/* Begin PBXBuildFile section */
		19023AD11FFCF97C004A3D42 /* AppDelegate.swift in Sources */ = {isa = PBXBuildFile; fileRef = 19023AD01FFCF97C004A3D42 /* AppDelegate.swift */; };
		19023AD31FFCF97C004A3D42 /* CardCollectionViewController.swift in Sources */ = {isa = PBXBuildFile; fileRef = 19023AD21FFCF97C004A3D42 /* CardCollectionViewController.swift */; };
		19023AD61FFCF97C004A3D42 /* Main.storyboard in Resources */ = {isa = PBXBuildFile; fileRef = 19023AD41FFCF97C004A3D42 /* Main.storyboard */; };
		19023AD81FFCF97C004A3D42 /* Assets.xcassets in Resources */ = {isa = PBXBuildFile; fileRef = 19023AD71FFCF97C004A3D42 /* Assets.xcassets */; };
		19023ADB1FFCF97C004A3D42 /* LaunchScreen.storyboard in Resources */ = {isa = PBXBuildFile; fileRef = 19023AD91FFCF97C004A3D42 /* LaunchScreen.storyboard */; };
		19632C812021AB3100E7E987 /* MenuPopupViewController.swift in Sources */ = {isa = PBXBuildFile; fileRef = 19632C802021AB3100E7E987 /* MenuPopupViewController.swift */; };
		19632C8420221B5A00E7E987 /* CoreModel.xcdatamodeld in Sources */ = {isa = PBXBuildFile; fileRef = 19632C8220221B5A00E7E987 /* CoreModel.xcdatamodeld */; };
		1966388C2006487500BF87DB /* NumberPickerViewController.swift in Sources */ = {isa = PBXBuildFile; fileRef = 1966388B2006487500BF87DB /* NumberPickerViewController.swift */; };
		19663890200782EA00BF87DB /* CollectionViewCell.swift in Sources */ = {isa = PBXBuildFile; fileRef = 1966388F200782EA00BF87DB /* CollectionViewCell.swift */; };
/* End PBXBuildFile section */

/* Begin PBXFileReference section */
		19023ACD1FFCF97C004A3D42 /* Concentration.app */ = {isa = PBXFileReference; explicitFileType = wrapper.application; includeInIndex = 0; path = Concentration.app; sourceTree = BUILT_PRODUCTS_DIR; };
		19023AD01FFCF97C004A3D42 /* AppDelegate.swift */ = {isa = PBXFileReference; lastKnownFileType = sourcecode.swift; path = AppDelegate.swift; sourceTree = "<group>"; };
		19023AD21FFCF97C004A3D42 /* CardCollectionViewController.swift */ = {isa = PBXFileReference; lastKnownFileType = sourcecode.swift; path = CardCollectionViewController.swift; sourceTree = "<group>"; };
		19023AD51FFCF97C004A3D42 /* Base */ = {isa = PBXFileReference; lastKnownFileType = file.storyboard; name = Base; path = Base.lproj/Main.storyboard; sourceTree = "<group>"; };
		19023AD71FFCF97C004A3D42 /* Assets.xcassets */ = {isa = PBXFileReference; lastKnownFileType = folder.assetcatalog; path = Assets.xcassets; sourceTree = "<group>"; };
		19023ADA1FFCF97C004A3D42 /* Base */ = {isa = PBXFileReference; lastKnownFileType = file.storyboard; name = Base; path = Base.lproj/LaunchScreen.storyboard; sourceTree = "<group>"; };
		19023ADC1FFCF97C004A3D42 /* Info.plist */ = {isa = PBXFileReference; lastKnownFileType = text.plist.xml; path = Info.plist; sourceTree = "<group>"; };
		19632C802021AB3100E7E987 /* MenuPopupViewController.swift */ = {isa = PBXFileReference; lastKnownFileType = sourcecode.swift; path = MenuPopupViewController.swift; sourceTree = "<group>"; };
		19632C8320221B5A00E7E987 /* Records.xcdatamodel */ = {isa = PBXFileReference; lastKnownFileType = wrapper.xcdatamodel; path = Records.xcdatamodel; sourceTree = "<group>"; };
		1966388B2006487500BF87DB /* NumberPickerViewController.swift */ = {isa = PBXFileReference; lastKnownFileType = sourcecode.swift; path = NumberPickerViewController.swift; sourceTree = "<group>"; };
		1966388F200782EA00BF87DB /* CollectionViewCell.swift */ = {isa = PBXFileReference; lastKnownFileType = sourcecode.swift; path = CollectionViewCell.swift; sourceTree = "<group>"; };
/* End PBXFileReference section */

/* Begin PBXFrameworksBuildPhase section */
		19023ACA1FFCF97C004A3D42 /* Frameworks */ = {
			isa = PBXFrameworksBuildPhase;
			buildActionMask = 2147483647;
			files = (
			);
			runOnlyForDeploymentPostprocessing = 0;
		};
/* End PBXFrameworksBuildPhase section */

/* Begin PBXGroup section */
		19023AC41FFCF97C004A3D42 = {
			isa = PBXGroup;
			children = (
				19023ACF1FFCF97C004A3D42 /* Concentration */,
				19023ACE1FFCF97C004A3D42 /* Products */,
			);
			sourceTree = "<group>";
		};
		19023ACE1FFCF97C004A3D42 /* Products */ = {
			isa = PBXGroup;
			children = (
				19023ACD1FFCF97C004A3D42 /* Concentration.app */,
			);
			name = Products;
			sourceTree = "<group>";
		};
		19023ACF1FFCF97C004A3D42 /* Concentration */ = {
			isa = PBXGroup;
			children = (
				19023AE31FFCFDA2004A3D42 /* Supporting Files */,
				1966388B2006487500BF87DB /* NumberPickerViewController.swift */,
				19023AD21FFCF97C004A3D42 /* CardCollectionViewController.swift */,
				1966388F200782EA00BF87DB /* CollectionViewCell.swift */,
				19023AD41FFCF97C004A3D42 /* Main.storyboard */,
				19023ADC1FFCF97C004A3D42 /* Info.plist */,
				19632C802021AB3100E7E987 /* MenuPopupViewController.swift */,
				19632C8220221B5A00E7E987 /* CoreModel.xcdatamodeld */,
			);
			path = Concentration;
			sourceTree = "<group>";
		};
		19023AE31FFCFDA2004A3D42 /* Supporting Files */ = {
			isa = PBXGroup;
			children = (
				19023AD01FFCF97C004A3D42 /* AppDelegate.swift */,
				19023AD71FFCF97C004A3D42 /* Assets.xcassets */,
				19023AD91FFCF97C004A3D42 /* LaunchScreen.storyboard */,
			);
			name = "Supporting Files";
			sourceTree = "<group>";
		};
/* End PBXGroup section */

/* Begin PBXNativeTarget section */
		19023ACC1FFCF97C004A3D42 /* Concentration */ = {
			isa = PBXNativeTarget;
			buildConfigurationList = 19023ADF1FFCF97C004A3D42 /* Build configuration list for PBXNativeTarget "Concentration" */;
			buildPhases = (
				19023AC91FFCF97C004A3D42 /* Sources */,
				19023ACA1FFCF97C004A3D42 /* Frameworks */,
				19023ACB1FFCF97C004A3D42 /* Resources */,
			);
			buildRules = (
			);
			dependencies = (
			);
			name = Concentration;
			productName = Concentration;
			productReference = 19023ACD1FFCF97C004A3D42 /* Concentration.app */;
			productType = "com.apple.product-type.application";
		};
/* End PBXNativeTarget section */

/* Begin PBXProject section */
		19023AC51FFCF97C004A3D42 /* Project object */ = {
			isa = PBXProject;
			attributes = {
				LastSwiftUpdateCheck = 0920;
				LastUpgradeCheck = 0920;
				ORGANIZATIONNAME = "Roman Shveda";
				TargetAttributes = {
					19023ACC1FFCF97C004A3D42 = {
						CreatedOnToolsVersion = 9.2;
						ProvisioningStyle = Automatic;
					};
				};
			};
			buildConfigurationList = 19023AC81FFCF97C004A3D42 /* Build configuration list for PBXProject "Concentration" */;
			compatibilityVersion = "Xcode 8.0";
			developmentRegion = en;
			hasScannedForEncodings = 0;
			knownRegions = (
				en,
				Base,
			);
			mainGroup = 19023AC41FFCF97C004A3D42;
			productRefGroup = 19023ACE1FFCF97C004A3D42 /* Products */;
			projectDirPath = "";
			projectRoot = "";
			targets = (
				19023ACC1FFCF97C004A3D42 /* Concentration */,
			);
		};
/* End PBXProject section */

/* Begin PBXResourcesBuildPhase section */
		19023ACB1FFCF97C004A3D42 /* Resources */ = {
			isa = PBXResourcesBuildPhase;
			buildActionMask = 2147483647;
			files = (
				19023ADB1FFCF97C004A3D42 /* LaunchScreen.storyboard in Resources */,
				19023AD81FFCF97C004A3D42 /* Assets.xcassets in Resources */,
				19023AD61FFCF97C004A3D42 /* Main.storyboard in Resources */,
			);
			runOnlyForDeploymentPostprocessing = 0;
		};
/* End PBXResourcesBuildPhase section */

/* Begin PBXSourcesBuildPhase section */
		19023AC91FFCF97C004A3D42 /* Sources */ = {
			isa = PBXSourcesBuildPhase;
			buildActionMask = 2147483647;
			files = (
				19632C8420221B5A00E7E987 /* CoreModel.xcdatamodeld in Sources */,
				1966388C2006487500BF87DB /* NumberPickerViewController.swift in Sources */,
				19023AD31FFCF97C004A3D42 /* CardCollectionViewController.swift in Sources */,
				19023AD11FFCF97C004A3D42 /* AppDelegate.swift in Sources */,
				19663890200782EA00BF87DB /* CollectionViewCell.swift in Sources */,
				19632C812021AB3100E7E987 /* MenuPopupViewController.swift in Sources */,
			);
			runOnlyForDeploymentPostprocessing = 0;
		};
/* End PBXSourcesBuildPhase section */

/* Begin PBXVariantGroup section */
		19023AD41FFCF97C004A3D42 /* Main.storyboard */ = {
			isa = PBXVariantGroup;
			children = (
				19023AD51FFCF97C004A3D42 /* Base */,
			);
			name = Main.storyboard;
			sourceTree = "<group>";
		};
		19023AD91FFCF97C004A3D42 /* LaunchScreen.storyboard */ = {
			isa = PBXVariantGroup;
			children = (
				19023ADA1FFCF97C004A3D42 /* Base */,
			);
			name = LaunchScreen.storyboard;
			sourceTree = "<group>";
		};
/* End PBXVariantGroup section */

/* Begin XCBuildConfiguration section */
		19023ADD1FFCF97C004A3D42 /* Debug */ = {
			isa = XCBuildConfiguration;
			buildSettings = {
				ALWAYS_SEARCH_USER_PATHS = NO;
				CLANG_ANALYZER_NONNULL = YES;
				CLANG_ANALYZER_NUMBER_OBJECT_CONVERSION = YES_AGGRESSIVE;
				CLANG_CXX_LANGUAGE_STANDARD = "gnu++14";
				CLANG_CXX_LIBRARY = "libc++";
				CLANG_ENABLE_MODULES = YES;
				CLANG_ENABLE_OBJC_ARC = YES;
				CLANG_WARN_BLOCK_CAPTURE_AUTORELEASING = YES;
				CLANG_WARN_BOOL_CONVERSION = YES;
				CLANG_WARN_COMMA = YES;
				CLANG_WARN_CONSTANT_CONVERSION = YES;
				CLANG_WARN_DIRECT_OBJC_ISA_USAGE = YES_ERROR;
				CLANG_WARN_DOCUMENTATION_COMMENTS = YES;
				CLANG_WARN_EMPTY_BODY = YES;
				CLANG_WARN_ENUM_CONVERSION = YES;
				CLANG_WARN_INFINITE_RECURSION = YES;
				CLANG_WARN_INT_CONVERSION = YES;
				CLANG_WARN_NON_LITERAL_NULL_CONVERSION = YES;
				CLANG_WARN_OBJC_LITERAL_CONVERSION = YES;
				CLANG_WARN_OBJC_ROOT_CLASS = YES_ERROR;
				CLANG_WARN_RANGE_LOOP_ANALYSIS = YES;
				CLANG_WARN_STRICT_PROTOTYPES = YES;
				CLANG_WARN_SUSPICIOUS_MOVE = YES;
				CLANG_WARN_UNGUARDED_AVAILABILITY = YES_AGGRESSIVE;
				CLANG_WARN_UNREACHABLE_CODE = YES;
				CLANG_WARN__DUPLICATE_METHOD_MATCH = YES;
				CODE_SIGN_IDENTITY = "iPhone Developer";
				COPY_PHASE_STRIP = NO;
				DEBUG_INFORMATION_FORMAT = dwarf;
				ENABLE_STRICT_OBJC_MSGSEND = YES;
				ENABLE_TESTABILITY = YES;
				GCC_C_LANGUAGE_STANDARD = gnu11;
				GCC_DYNAMIC_NO_PIC = NO;
				GCC_NO_COMMON_BLOCKS = YES;
				GCC_OPTIMIZATION_LEVEL = 0;
				GCC_PREPROCESSOR_DEFINITIONS = (
					"DEBUG=1",
					"$(inherited)",
				);
				GCC_WARN_64_TO_32_BIT_CONVERSION = YES;
				GCC_WARN_ABOUT_RETURN_TYPE = YES_ERROR;
				GCC_WARN_UNDECLARED_SELECTOR = YES;
				GCC_WARN_UNINITIALIZED_AUTOS = YES_AGGRESSIVE;
				GCC_WARN_UNUSED_FUNCTION = YES;
				GCC_WARN_UNUSED_VARIABLE = YES;
				IPHONEOS_DEPLOYMENT_TARGET = 11.2;
				MTL_ENABLE_DEBUG_INFO = YES;
				ONLY_ACTIVE_ARCH = YES;
				SDKROOT = iphoneos;
				SWIFT_ACTIVE_COMPILATION_CONDITIONS = DEBUG;
				SWIFT_OPTIMIZATION_LEVEL = "-Onone";
			};
			name = Debug;
		};
		19023ADE1FFCF97C004A3D42 /* Release */ = {
			isa = XCBuildConfiguration;
			buildSettings = {
				ALWAYS_SEARCH_USER_PATHS = NO;
				CLANG_ANALYZER_NONNULL = YES;
				CLANG_ANALYZER_NUMBER_OBJECT_CONVERSION = YES_AGGRESSIVE;
				CLANG_CXX_LANGUAGE_STANDARD = "gnu++14";
				CLANG_CXX_LIBRARY = "libc++";
				CLANG_ENABLE_MODULES = YES;
				CLANG_ENABLE_OBJC_ARC = YES;
				CLANG_WARN_BLOCK_CAPTURE_AUTORELEASING = YES;
				CLANG_WARN_BOOL_CONVERSION = YES;
				CLANG_WARN_COMMA = YES;
				CLANG_WARN_CONSTANT_CONVERSION = YES;
				CLANG_WARN_DIRECT_OBJC_ISA_USAGE = YES_ERROR;
				CLANG_WARN_DOCUMENTATION_COMMENTS = YES;
				CLANG_WARN_EMPTY_BODY = YES;
				CLANG_WARN_ENUM_CONVERSION = YES;
				CLANG_WARN_INFINITE_RECURSION = YES;
				CLANG_WARN_INT_CONVERSION = YES;
				CLANG_WARN_NON_LITERAL_NULL_CONVERSION = YES;
				CLANG_WARN_OBJC_LITERAL_CONVERSION = YES;
				CLANG_WARN_OBJC_ROOT_CLASS = YES_ERROR;
				CLANG_WARN_RANGE_LOOP_ANALYSIS = YES;
				CLANG_WARN_STRICT_PROTOTYPES = YES;
				CLANG_WARN_SUSPICIOUS_MOVE = YES;
				CLANG_WARN_UNGUARDED_AVAILABILITY = YES_AGGRESSIVE;
				CLANG_WARN_UNREACHABLE_CODE = YES;
				CLANG_WARN__DUPLICATE_METHOD_MATCH = YES;
				CODE_SIGN_IDENTITY = "iPhone Developer";
				COPY_PHASE_STRIP = NO;
				DEBUG_INFORMATION_FORMAT = "dwarf-with-dsym";
				ENABLE_NS_ASSERTIONS = NO;
				ENABLE_STRICT_OBJC_MSGSEND = YES;
				GCC_C_LANGUAGE_STANDARD = gnu11;
				GCC_NO_COMMON_BLOCKS = YES;
				GCC_WARN_64_TO_32_BIT_CONVERSION = YES;
				GCC_WARN_ABOUT_RETURN_TYPE = YES_ERROR;
				GCC_WARN_UNDECLARED_SELECTOR = YES;
				GCC_WARN_UNINITIALIZED_AUTOS = YES_AGGRESSIVE;
				GCC_WARN_UNUSED_FUNCTION = YES;
				GCC_WARN_UNUSED_VARIABLE = YES;
				IPHONEOS_DEPLOYMENT_TARGET = 11.2;
				MTL_ENABLE_DEBUG_INFO = NO;
				SDKROOT = iphoneos;
				SWIFT_OPTIMIZATION_LEVEL = "-Owholemodule";
				VALIDATE_PRODUCT = YES;
			};
			name = Release;
		};
		19023AE01FFCF97C004A3D42 /* Debug */ = {
			isa = XCBuildConfiguration;
			buildSettings = {
				ASSETCATALOG_COMPILER_APPICON_NAME = AppIcon;
				"CODE_SIGN_IDENTITY[sdk=iphoneos*]" = "iPhone Developer";
				CODE_SIGN_STYLE = Automatic;
				DEVELOPMENT_TEAM = F95D26K5WQ;
				INFOPLIST_FILE = Concentration/Info.plist;
				LD_RUNPATH_SEARCH_PATHS = "$(inherited) @executable_path/Frameworks";
				PRODUCT_BUNDLE_IDENTIFIER = com.softserve.academy.Concentration;
				PRODUCT_NAME = "$(TARGET_NAME)";
				PROVISIONING_PROFILE_SPECIFIER = "";
				SWIFT_VERSION = 4.0;
				TARGETED_DEVICE_FAMILY = "1,2";
			};
			name = Debug;
		};
		19023AE11FFCF97C004A3D42 /* Release */ = {
			isa = XCBuildConfiguration;
			buildSettings = {
				ASSETCATALOG_COMPILER_APPICON_NAME = AppIcon;
				"CODE_SIGN_IDENTITY[sdk=iphoneos*]" = "iPhone Developer";
				CODE_SIGN_STYLE = Automatic;
				DEVELOPMENT_TEAM = F95D26K5WQ;
				INFOPLIST_FILE = Concentration/Info.plist;
				LD_RUNPATH_SEARCH_PATHS = "$(inherited) @executable_path/Frameworks";
				PRODUCT_BUNDLE_IDENTIFIER = com.softserve.academy.Concentration;
				PRODUCT_NAME = "$(TARGET_NAME)";
				PROVISIONING_PROFILE_SPECIFIER = "";
				SWIFT_VERSION = 4.0;
				TARGETED_DEVICE_FAMILY = "1,2";
			};
			name = Release;
		};
/* End XCBuildConfiguration section */

/* Begin XCConfigurationList section */
		19023AC81FFCF97C004A3D42 /* Build configuration list for PBXProject "Concentration" */ = {
			isa = XCConfigurationList;
			buildConfigurations = (
				19023ADD1FFCF97C004A3D42 /* Debug */,
				19023ADE1FFCF97C004A3D42 /* Release */,
			);
			defaultConfigurationIsVisible = 0;
			defaultConfigurationName = Release;
		};
		19023ADF1FFCF97C004A3D42 /* Build configuration list for PBXNativeTarget "Concentration" */ = {
			isa = XCConfigurationList;
			buildConfigurations = (
				19023AE01FFCF97C004A3D42 /* Debug */,
				19023AE11FFCF97C004A3D42 /* Release */,
			);
			defaultConfigurationIsVisible = 0;
			defaultConfigurationName = Release;
		};
/* End XCConfigurationList section */

/* Begin XCVersionGroup section */
		19632C8220221B5A00E7E987 /* CoreModel.xcdatamodeld */ = {
			isa = XCVersionGroup;
			children = (
				19632C8320221B5A00E7E987 /* Records.xcdatamodel */,
			);
			currentVersion = 19632C8320221B5A00E7E987 /* Records.xcdatamodel */;
			path = CoreModel.xcdatamodeld;
			sourceTree = "<group>";
			versionGroupType = wrapper.xcdatamodel;
		};
/* End XCVersionGroup section */
	};
	rootObject = 19023AC51FFCF97C004A3D42 /* Project object */;
}
